
Microsoft Visual Studio Solution File, Format Version 12.00
# Visual Studio 2013
VisualStudioVersion = 12.0.31101.0
MinimumVisualStudioVersion = 10.0.40219.1
Project("{FAE04EC0-301F-11D3-BF4B-00C04F79EFBC}") = "TerrainGenerator.WebApi", "TerrainGenerator.WebApi\TerrainGenerator.WebApi.csproj", "{39B492D8-A090-4A3E-BEF0-01DA4FFE62D3}"
	ProjectSection(ProjectDependencies) = postProject
		{D96E324D-4BA6-4AF0-BC95-50B1D5BD6A43} = {D96E324D-4BA6-4AF0-BC95-50B1D5BD6A43}
		{263C5882-D85E-4A7A-99F0-CA50AFE5D971} = {263C5882-D85E-4A7A-99F0-CA50AFE5D971}
	EndProjectSection
EndProject
Project("{FAE04EC0-301F-11D3-BF4B-00C04F79EFBC}") = "TerrainGenerator.Services", "TerrainGenerator.Services\TerrainGenerator.Services.csproj", "{86C9B497-7981-4903-B94B-36D256993483}"
	ProjectSection(ProjectDependencies) = postProject
		{263C5882-D85E-4A7A-99F0-CA50AFE5D971} = {263C5882-D85E-4A7A-99F0-CA50AFE5D971}
	EndProjectSection
EndProject
Project("{2150E333-8FDC-42A3-9474-1A3956D46DE8}") = ".nuget", ".nuget", "{A26D004E-1EDE-4C0C-BCCE-01FA5C3906DB}"
	ProjectSection(SolutionItems) = preProject
		.nuget\NuGet.Config = .nuget\NuGet.Config
		.nuget\NuGet.exe = .nuget\NuGet.exe
		.nuget\NuGet.targets = .nuget\NuGet.targets
	EndProjectSection
EndProject
Project("{8BC9CEB8-8B4A-11D0-8D11-00A0C91BC942}") = "libnoise", "noise\libnoise.vcxproj", "{263C5882-D85E-4A7A-99F0-CA50AFE5D971}"
EndProject
Project("{8BC9CEB8-8B4A-11D0-8D11-00A0C91BC942}") = "ComplexTerrain", "ComplexTerrain\ComplexTerrain.vcxproj", "{D96E324D-4BA6-4AF0-BC95-50B1D5BD6A43}"
EndProject
Project("{FAE04EC0-301F-11D3-BF4B-00C04F79EFBC}") = "ComplexTerrain.Tests_vs2010", "ComplexTerrain.Tests\ComplexTerrain.Tests_vs2010.csproj", "{6CFD40A2-6363-4388-BAA6-03887C408F9F}"
	ProjectSection(ProjectDependencies) = postProject
		{263C5882-D85E-4A7A-99F0-CA50AFE5D971} = {263C5882-D85E-4A7A-99F0-CA50AFE5D971}
	EndProjectSection
EndProject
Project("{FAE04EC0-301F-11D3-BF4B-00C04F79EFBC}") = "TerrainGenerator.Services.Tests", "TerrainGenerator.Services.Tests\TerrainGenerator.Services.Tests.csproj", "{EA999F14-DE7A-4FAE-A779-A997060992DD}"
	ProjectSection(ProjectDependencies) = postProject
		{D96E324D-4BA6-4AF0-BC95-50B1D5BD6A43} = {D96E324D-4BA6-4AF0-BC95-50B1D5BD6A43}
		{263C5882-D85E-4A7A-99F0-CA50AFE5D971} = {263C5882-D85E-4A7A-99F0-CA50AFE5D971}
	EndProjectSection
EndProject
Project("{FAE04EC0-301F-11D3-BF4B-00C04F79EFBC}") = "TerrainGenerator.WebClient", "TerrainGenerator.WebClient\TerrainGenerator.WebClient.csproj", "{8DF55658-ED31-44C3-82B2-F80DE6C97BC0}"
EndProject
Project("{FAE04EC0-301F-11D3-BF4B-00C04F79EFBC}") = "TerrainGenerator.Cmd", "TerrainGenerator.Cmd\TerrainGenerator.Cmd.csproj", "{03228E9C-30C5-4FCE-B002-20A6FE3AEA71}"
EndProject
Project("{FAE04EC0-301F-11D3-BF4B-00C04F79EFBC}") = "Tribes.Tiles.Generator", "Tribes.TerrainGenerator.Services\Tribes.Tiles.Generator.csproj", "{D30A8A6E-B0BE-4CCB-B0B1-9589ACFECAAC}"
EndProject
Project("{FAE04EC0-301F-11D3-BF4B-00C04F79EFBC}") = "Tribes.Common", "Tribes.Common\Tribes.Common.csproj", "{AE539A38-919F-46CA-8E42-595DFC58479E}"
EndProject
Project("{FAE04EC0-301F-11D3-BF4B-00C04F79EFBC}") = "Tribes.Tiles.Storage", "Tribes.TerrainGenerator.Storage\Tribes.Tiles.Storage.csproj", "{F6D719C6-CBD2-4E8B-9AD4-1BFB67E58738}"
EndProject
Project("{FAE04EC0-301F-11D3-BF4B-00C04F79EFBC}") = "Tribes.Tiles.Manager", "Tribes.Tiles.Manager\Tribes.Tiles.Manager.csproj", "{902BC2B4-D040-4B95-B3FA-CAA3F4E732EC}"
EndProject
Project("{FAE04EC0-301F-11D3-BF4B-00C04F79EFBC}") = "Tribes.Subscribers.Manager", "Tribes.Subscribers.Manager\Tribes.Subscribers.Manager.csproj", "{E3DF9B80-DABA-49C2-A231-64350DB54D54}"
EndProject
Project("{FAE04EC0-301F-11D3-BF4B-00C04F79EFBC}") = "Tribes.Suscribers.Storage", "Tribes.Suscribers.Storage\Tribes.Suscribers.Storage.csproj", "{A25C946E-B08D-4BBB-80FA-3CBFE8A4B950}"
EndProject
Project("{FAE04EC0-301F-11D3-BF4B-00C04F79EFBC}") = "Tribes.Tiles.Contract", "Tribes.Tiles.Contract\Tribes.Tiles.Contract.csproj", "{94796CA9-673A-4A3E-A9CD-DF526687BA79}"
EndProject
Project("{FAE04EC0-301F-11D3-BF4B-00C04F79EFBC}") = "Tribes.Configuration.Manager", "Tribes.Configuration.Manager\Tribes.Configuration.Manager.csproj", "{C776B3C6-9B91-4DC7-92B7-FBAB92C1FDFD}"
EndProject
Global
	GlobalSection(SolutionConfigurationPlatforms) = preSolution
		Debug|Any CPU = Debug|Any CPU
		Debug|Mixed Platforms = Debug|Mixed Platforms
		Debug|Win32 = Debug|Win32
		Debug|x86 = Debug|x86
		Release|Any CPU = Release|Any CPU
		Release|Mixed Platforms = Release|Mixed Platforms
		Release|Win32 = Release|Win32
		Release|x86 = Release|x86
	EndGlobalSection
	GlobalSection(ProjectConfigurationPlatforms) = postSolution
		{39B492D8-A090-4A3E-BEF0-01DA4FFE62D3}.Debug|Any CPU.ActiveCfg = Debug|Any CPU
		{39B492D8-A090-4A3E-BEF0-01DA4FFE62D3}.Debug|Any CPU.Build.0 = Debug|Any CPU
		{39B492D8-A090-4A3E-BEF0-01DA4FFE62D3}.Debug|Mixed Platforms.ActiveCfg = Debug|Any CPU
		{39B492D8-A090-4A3E-BEF0-01DA4FFE62D3}.Debug|Mixed Platforms.Build.0 = Debug|Any CPU
		{39B492D8-A090-4A3E-BEF0-01DA4FFE62D3}.Debug|Win32.ActiveCfg = Debug|Any CPU
		{39B492D8-A090-4A3E-BEF0-01DA4FFE62D3}.Debug|x86.ActiveCfg = Debug|Any CPU
		{39B492D8-A090-4A3E-BEF0-01DA4FFE62D3}.Release|Any CPU.ActiveCfg = Release|Any CPU
		{39B492D8-A090-4A3E-BEF0-01DA4FFE62D3}.Release|Any CPU.Build.0 = Release|Any CPU
		{39B492D8-A090-4A3E-BEF0-01DA4FFE62D3}.Release|Mixed Platforms.ActiveCfg = Release|Any CPU
		{39B492D8-A090-4A3E-BEF0-01DA4FFE62D3}.Release|Mixed Platforms.Build.0 = Release|Any CPU
		{39B492D8-A090-4A3E-BEF0-01DA4FFE62D3}.Release|Win32.ActiveCfg = Release|Any CPU
		{39B492D8-A090-4A3E-BEF0-01DA4FFE62D3}.Release|x86.ActiveCfg = Release|Any CPU
		{86C9B497-7981-4903-B94B-36D256993483}.Debug|Any CPU.ActiveCfg = Debug|Any CPU
		{86C9B497-7981-4903-B94B-36D256993483}.Debug|Any CPU.Build.0 = Debug|Any CPU
		{86C9B497-7981-4903-B94B-36D256993483}.Debug|Mixed Platforms.ActiveCfg = Debug|Any CPU
		{86C9B497-7981-4903-B94B-36D256993483}.Debug|Mixed Platforms.Build.0 = Debug|Any CPU
		{86C9B497-7981-4903-B94B-36D256993483}.Debug|Win32.ActiveCfg = Debug|Any CPU
		{86C9B497-7981-4903-B94B-36D256993483}.Debug|x86.ActiveCfg = Debug|Any CPU
		{86C9B497-7981-4903-B94B-36D256993483}.Release|Any CPU.ActiveCfg = Release|Any CPU
		{86C9B497-7981-4903-B94B-36D256993483}.Release|Any CPU.Build.0 = Release|Any CPU
		{86C9B497-7981-4903-B94B-36D256993483}.Release|Mixed Platforms.ActiveCfg = Release|Any CPU
		{86C9B497-7981-4903-B94B-36D256993483}.Release|Mixed Platforms.Build.0 = Release|Any CPU
		{86C9B497-7981-4903-B94B-36D256993483}.Release|Win32.ActiveCfg = Release|Any CPU
		{86C9B497-7981-4903-B94B-36D256993483}.Release|x86.ActiveCfg = Release|Any CPU
		{263C5882-D85E-4A7A-99F0-CA50AFE5D971}.Debug|Any CPU.ActiveCfg = Debug|Win32
		{263C5882-D85E-4A7A-99F0-CA50AFE5D971}.Debug|Mixed Platforms.ActiveCfg = Release|Win32
		{263C5882-D85E-4A7A-99F0-CA50AFE5D971}.Debug|Mixed Platforms.Build.0 = Release|Win32
		{263C5882-D85E-4A7A-99F0-CA50AFE5D971}.Debug|Win32.ActiveCfg = Debug|Win32
		{263C5882-D85E-4A7A-99F0-CA50AFE5D971}.Debug|Win32.Build.0 = Debug|Win32
		{263C5882-D85E-4A7A-99F0-CA50AFE5D971}.Debug|x86.ActiveCfg = Debug|Win32
		{263C5882-D85E-4A7A-99F0-CA50AFE5D971}.Debug|x86.Build.0 = Debug|Win32
		{263C5882-D85E-4A7A-99F0-CA50AFE5D971}.Release|Any CPU.ActiveCfg = Release|Win32
		{263C5882-D85E-4A7A-99F0-CA50AFE5D971}.Release|Mixed Platforms.ActiveCfg = Release|Win32
		{263C5882-D85E-4A7A-99F0-CA50AFE5D971}.Release|Mixed Platforms.Build.0 = Release|Win32
		{263C5882-D85E-4A7A-99F0-CA50AFE5D971}.Release|Win32.ActiveCfg = Release|Win32
		{263C5882-D85E-4A7A-99F0-CA50AFE5D971}.Release|Win32.Build.0 = Release|Win32
		{263C5882-D85E-4A7A-99F0-CA50AFE5D971}.Release|x86.ActiveCfg = Release|Win32
		{263C5882-D85E-4A7A-99F0-CA50AFE5D971}.Release|x86.Build.0 = Release|Win32
		{D96E324D-4BA6-4AF0-BC95-50B1D5BD6A43}.Debug|Any CPU.ActiveCfg = Debug|Win32
		{D96E324D-4BA6-4AF0-BC95-50B1D5BD6A43}.Debug|Mixed Platforms.ActiveCfg = Release|Win32
		{D96E324D-4BA6-4AF0-BC95-50B1D5BD6A43}.Debug|Mixed Platforms.Build.0 = Release|Win32
		{D96E324D-4BA6-4AF0-BC95-50B1D5BD6A43}.Debug|Win32.ActiveCfg = Debug|Win32
		{D96E324D-4BA6-4AF0-BC95-50B1D5BD6A43}.Debug|Win32.Build.0 = Debug|Win32
		{D96E324D-4BA6-4AF0-BC95-50B1D5BD6A43}.Debug|x86.ActiveCfg = Debug|Win32
		{D96E324D-4BA6-4AF0-BC95-50B1D5BD6A43}.Debug|x86.Build.0 = Debug|Win32
		{D96E324D-4BA6-4AF0-BC95-50B1D5BD6A43}.Release|Any CPU.ActiveCfg = Release|Win32
		{D96E324D-4BA6-4AF0-BC95-50B1D5BD6A43}.Release|Mixed Platforms.ActiveCfg = Release|Win32
		{D96E324D-4BA6-4AF0-BC95-50B1D5BD6A43}.Release|Mixed Platforms.Build.0 = Release|Win32
		{D96E324D-4BA6-4AF0-BC95-50B1D5BD6A43}.Release|Win32.ActiveCfg = Release|Win32
		{D96E324D-4BA6-4AF0-BC95-50B1D5BD6A43}.Release|Win32.Build.0 = Release|Win32
		{D96E324D-4BA6-4AF0-BC95-50B1D5BD6A43}.Release|x86.ActiveCfg = Release|Win32
		{D96E324D-4BA6-4AF0-BC95-50B1D5BD6A43}.Release|x86.Build.0 = Release|Win32
		{6CFD40A2-6363-4388-BAA6-03887C408F9F}.Debug|Any CPU.ActiveCfg = Debug|Any CPU
		{6CFD40A2-6363-4388-BAA6-03887C408F9F}.Debug|Any CPU.Build.0 = Debug|Any CPU
		{6CFD40A2-6363-4388-BAA6-03887C408F9F}.Debug|Mixed Platforms.ActiveCfg = Debug|Any CPU
		{6CFD40A2-6363-4388-BAA6-03887C408F9F}.Debug|Mixed Platforms.Build.0 = Debug|Any CPU
		{6CFD40A2-6363-4388-BAA6-03887C408F9F}.Debug|Win32.ActiveCfg = Debug|Any CPU
		{6CFD40A2-6363-4388-BAA6-03887C408F9F}.Debug|x86.ActiveCfg = Debug|Any CPU
		{6CFD40A2-6363-4388-BAA6-03887C408F9F}.Release|Any CPU.ActiveCfg = Release|Any CPU
		{6CFD40A2-6363-4388-BAA6-03887C408F9F}.Release|Any CPU.Build.0 = Release|Any CPU
		{6CFD40A2-6363-4388-BAA6-03887C408F9F}.Release|Mixed Platforms.ActiveCfg = Release|Any CPU
		{6CFD40A2-6363-4388-BAA6-03887C408F9F}.Release|Mixed Platforms.Build.0 = Release|Any CPU
		{6CFD40A2-6363-4388-BAA6-03887C408F9F}.Release|Win32.ActiveCfg = Release|Any CPU
		{6CFD40A2-6363-4388-BAA6-03887C408F9F}.Release|x86.ActiveCfg = Release|Any CPU
		{EA999F14-DE7A-4FAE-A779-A997060992DD}.Debug|Any CPU.ActiveCfg = Debug|Any CPU
		{EA999F14-DE7A-4FAE-A779-A997060992DD}.Debug|Any CPU.Build.0 = Debug|Any CPU
		{EA999F14-DE7A-4FAE-A779-A997060992DD}.Debug|Mixed Platforms.ActiveCfg = Debug|Any CPU
		{EA999F14-DE7A-4FAE-A779-A997060992DD}.Debug|Mixed Platforms.Build.0 = Debug|Any CPU
		{EA999F14-DE7A-4FAE-A779-A997060992DD}.Debug|Win32.ActiveCfg = Debug|Any CPU
		{EA999F14-DE7A-4FAE-A779-A997060992DD}.Debug|x86.ActiveCfg = Debug|Any CPU
		{EA999F14-DE7A-4FAE-A779-A997060992DD}.Release|Any CPU.ActiveCfg = Release|Any CPU
		{EA999F14-DE7A-4FAE-A779-A997060992DD}.Release|Any CPU.Build.0 = Release|Any CPU
		{EA999F14-DE7A-4FAE-A779-A997060992DD}.Release|Mixed Platforms.ActiveCfg = Release|Any CPU
		{EA999F14-DE7A-4FAE-A779-A997060992DD}.Release|Mixed Platforms.Build.0 = Release|Any CPU
		{EA999F14-DE7A-4FAE-A779-A997060992DD}.Release|Win32.ActiveCfg = Release|Any CPU
		{EA999F14-DE7A-4FAE-A779-A997060992DD}.Release|x86.ActiveCfg = Release|Any CPU
		{8DF55658-ED31-44C3-82B2-F80DE6C97BC0}.Debug|Any CPU.ActiveCfg = Debug|Any CPU
		{8DF55658-ED31-44C3-82B2-F80DE6C97BC0}.Debug|Any CPU.Build.0 = Debug|Any CPU
		{8DF55658-ED31-44C3-82B2-F80DE6C97BC0}.Debug|Mixed Platforms.ActiveCfg = Debug|Any CPU
		{8DF55658-ED31-44C3-82B2-F80DE6C97BC0}.Debug|Mixed Platforms.Build.0 = Debug|Any CPU
		{8DF55658-ED31-44C3-82B2-F80DE6C97BC0}.Debug|Win32.ActiveCfg = Debug|Any CPU
		{8DF55658-ED31-44C3-82B2-F80DE6C97BC0}.Debug|x86.ActiveCfg = Debug|Any CPU
		{8DF55658-ED31-44C3-82B2-F80DE6C97BC0}.Release|Any CPU.ActiveCfg = Release|Any CPU
		{8DF55658-ED31-44C3-82B2-F80DE6C97BC0}.Release|Any CPU.Build.0 = Release|Any CPU
		{8DF55658-ED31-44C3-82B2-F80DE6C97BC0}.Release|Mixed Platforms.ActiveCfg = Release|Any CPU
		{8DF55658-ED31-44C3-82B2-F80DE6C97BC0}.Release|Mixed Platforms.Build.0 = Release|Any CPU
		{8DF55658-ED31-44C3-82B2-F80DE6C97BC0}.Release|Win32.ActiveCfg = Release|Any CPU
		{8DF55658-ED31-44C3-82B2-F80DE6C97BC0}.Release|x86.ActiveCfg = Release|Any CPU
		{03228E9C-30C5-4FCE-B002-20A6FE3AEA71}.Debug|Any CPU.ActiveCfg = Debug|Any CPU
		{03228E9C-30C5-4FCE-B002-20A6FE3AEA71}.Debug|Any CPU.Build.0 = Debug|Any CPU
		{03228E9C-30C5-4FCE-B002-20A6FE3AEA71}.Debug|Mixed Platforms.ActiveCfg = Debug|Any CPU
		{03228E9C-30C5-4FCE-B002-20A6FE3AEA71}.Debug|Mixed Platforms.Build.0 = Debug|Any CPU
		{03228E9C-30C5-4FCE-B002-20A6FE3AEA71}.Debug|Win32.ActiveCfg = Debug|Any CPU
		{03228E9C-30C5-4FCE-B002-20A6FE3AEA71}.Debug|x86.ActiveCfg = Debug|Any CPU
		{03228E9C-30C5-4FCE-B002-20A6FE3AEA71}.Release|Any CPU.ActiveCfg = Release|Any CPU
		{03228E9C-30C5-4FCE-B002-20A6FE3AEA71}.Release|Any CPU.Build.0 = Release|Any CPU
		{03228E9C-30C5-4FCE-B002-20A6FE3AEA71}.Release|Mixed Platforms.ActiveCfg = Release|Any CPU
		{03228E9C-30C5-4FCE-B002-20A6FE3AEA71}.Release|Mixed Platforms.Build.0 = Release|Any CPU
		{03228E9C-30C5-4FCE-B002-20A6FE3AEA71}.Release|Win32.ActiveCfg = Release|Any CPU
		{03228E9C-30C5-4FCE-B002-20A6FE3AEA71}.Release|x86.ActiveCfg = Release|Any CPU
		{D30A8A6E-B0BE-4CCB-B0B1-9589ACFECAAC}.Debug|Any CPU.ActiveCfg = Debug|Any CPU
		{D30A8A6E-B0BE-4CCB-B0B1-9589ACFECAAC}.Debug|Any CPU.Build.0 = Debug|Any CPU
		{D30A8A6E-B0BE-4CCB-B0B1-9589ACFECAAC}.Debug|Mixed Platforms.ActiveCfg = Debug|Any CPU
		{D30A8A6E-B0BE-4CCB-B0B1-9589ACFECAAC}.Debug|Mixed Platforms.Build.0 = Debug|Any CPU
		{D30A8A6E-B0BE-4CCB-B0B1-9589ACFECAAC}.Debug|Win32.ActiveCfg = Debug|Any CPU
		{D30A8A6E-B0BE-4CCB-B0B1-9589ACFECAAC}.Debug|x86.ActiveCfg = Debug|Any CPU
		{D30A8A6E-B0BE-4CCB-B0B1-9589ACFECAAC}.Release|Any CPU.ActiveCfg = Release|Any CPU
		{D30A8A6E-B0BE-4CCB-B0B1-9589ACFECAAC}.Release|Any CPU.Build.0 = Release|Any CPU
		{D30A8A6E-B0BE-4CCB-B0B1-9589ACFECAAC}.Release|Mixed Platforms.ActiveCfg = Release|Any CPU
		{D30A8A6E-B0BE-4CCB-B0B1-9589ACFECAAC}.Release|Mixed Platforms.Build.0 = Release|Any CPU
		{D30A8A6E-B0BE-4CCB-B0B1-9589ACFECAAC}.Release|Win32.ActiveCfg = Release|Any CPU
		{D30A8A6E-B0BE-4CCB-B0B1-9589ACFECAAC}.Release|x86.ActiveCfg = Release|Any CPU
		{AE539A38-919F-46CA-8E42-595DFC58479E}.Debug|Any CPU.ActiveCfg = Debug|Any CPU
		{AE539A38-919F-46CA-8E42-595DFC58479E}.Debug|Any CPU.Build.0 = Debug|Any CPU
		{AE539A38-919F-46CA-8E42-595DFC58479E}.Debug|Mixed Platforms.ActiveCfg = Debug|Any CPU
		{AE539A38-919F-46CA-8E42-595DFC58479E}.Debug|Mixed Platforms.Build.0 = Debug|Any CPU
		{AE539A38-919F-46CA-8E42-595DFC58479E}.Debug|Win32.ActiveCfg = Debug|Any CPU
		{AE539A38-919F-46CA-8E42-595DFC58479E}.Debug|x86.ActiveCfg = Debug|Any CPU
		{AE539A38-919F-46CA-8E42-595DFC58479E}.Release|Any CPU.ActiveCfg = Release|Any CPU
		{AE539A38-919F-46CA-8E42-595DFC58479E}.Release|Any CPU.Build.0 = Release|Any CPU
		{AE539A38-919F-46CA-8E42-595DFC58479E}.Release|Mixed Platforms.ActiveCfg = Release|Any CPU
		{AE539A38-919F-46CA-8E42-595DFC58479E}.Release|Mixed Platforms.Build.0 = Release|Any CPU
		{AE539A38-919F-46CA-8E42-595DFC58479E}.Release|Win32.ActiveCfg = Release|Any CPU
		{AE539A38-919F-46CA-8E42-595DFC58479E}.Release|x86.ActiveCfg = Release|Any CPU
		{F6D719C6-CBD2-4E8B-9AD4-1BFB67E58738}.Debug|Any CPU.ActiveCfg = Debug|Any CPU
		{F6D719C6-CBD2-4E8B-9AD4-1BFB67E58738}.Debug|Any CPU.Build.0 = Debug|Any CPU
		{F6D719C6-CBD2-4E8B-9AD4-1BFB67E58738}.Debug|Mixed Platforms.ActiveCfg = Debug|Any CPU
		{F6D719C6-CBD2-4E8B-9AD4-1BFB67E58738}.Debug|Mixed Platforms.Build.0 = Debug|Any CPU
		{F6D719C6-CBD2-4E8B-9AD4-1BFB67E58738}.Debug|Win32.ActiveCfg = Debug|Any CPU
		{F6D719C6-CBD2-4E8B-9AD4-1BFB67E58738}.Debug|x86.ActiveCfg = Debug|Any CPU
		{F6D719C6-CBD2-4E8B-9AD4-1BFB67E58738}.Release|Any CPU.ActiveCfg = Release|Any CPU
		{F6D719C6-CBD2-4E8B-9AD4-1BFB67E58738}.Release|Any CPU.Build.0 = Release|Any CPU
		{F6D719C6-CBD2-4E8B-9AD4-1BFB67E58738}.Release|Mixed Platforms.ActiveCfg = Release|Any CPU
		{F6D719C6-CBD2-4E8B-9AD4-1BFB67E58738}.Release|Mixed Platforms.Build.0 = Release|Any CPU
		{F6D719C6-CBD2-4E8B-9AD4-1BFB67E58738}.Release|Win32.ActiveCfg = Release|Any CPU
		{F6D719C6-CBD2-4E8B-9AD4-1BFB67E58738}.Release|x86.ActiveCfg = Release|Any CPU
		{902BC2B4-D040-4B95-B3FA-CAA3F4E732EC}.Debug|Any CPU.ActiveCfg = Debug|Any CPU
		{902BC2B4-D040-4B95-B3FA-CAA3F4E732EC}.Debug|Any CPU.Build.0 = Debug|Any CPU
		{902BC2B4-D040-4B95-B3FA-CAA3F4E732EC}.Debug|Mixed Platforms.ActiveCfg = Debug|Any CPU
		{902BC2B4-D040-4B95-B3FA-CAA3F4E732EC}.Debug|Mixed Platforms.Build.0 = Debug|Any CPU
		{902BC2B4-D040-4B95-B3FA-CAA3F4E732EC}.Debug|Win32.ActiveCfg = Debug|Any CPU
		{902BC2B4-D040-4B95-B3FA-CAA3F4E732EC}.Debug|x86.ActiveCfg = Debug|Any CPU
		{902BC2B4-D040-4B95-B3FA-CAA3F4E732EC}.Release|Any CPU.ActiveCfg = Release|Any CPU
		{902BC2B4-D040-4B95-B3FA-CAA3F4E732EC}.Release|Any CPU.Build.0 = Release|Any CPU
		{902BC2B4-D040-4B95-B3FA-CAA3F4E732EC}.Release|Mixed Platforms.ActiveCfg = Release|Any CPU
		{902BC2B4-D040-4B95-B3FA-CAA3F4E732EC}.Release|Mixed Platforms.Build.0 = Release|Any CPU
		{902BC2B4-D040-4B95-B3FA-CAA3F4E732EC}.Release|Win32.ActiveCfg = Release|Any CPU
		{902BC2B4-D040-4B95-B3FA-CAA3F4E732EC}.Release|x86.ActiveCfg = Release|Any CPU
		{E3DF9B80-DABA-49C2-A231-64350DB54D54}.Debug|Any CPU.ActiveCfg = Debug|Any CPU
		{E3DF9B80-DABA-49C2-A231-64350DB54D54}.Debug|Any CPU.Build.0 = Debug|Any CPU
		{E3DF9B80-DABA-49C2-A231-64350DB54D54}.Debug|Mixed Platforms.ActiveCfg = Debug|Any CPU
		{E3DF9B80-DABA-49C2-A231-64350DB54D54}.Debug|Mixed Platforms.Build.0 = Debug|Any CPU
		{E3DF9B80-DABA-49C2-A231-64350DB54D54}.Debug|Win32.ActiveCfg = Debug|Any CPU
		{E3DF9B80-DABA-49C2-A231-64350DB54D54}.Debug|x86.ActiveCfg = Debug|Any CPU
		{E3DF9B80-DABA-49C2-A231-64350DB54D54}.Release|Any CPU.ActiveCfg = Release|Any CPU
		{E3DF9B80-DABA-49C2-A231-64350DB54D54}.Release|Any CPU.Build.0 = Release|Any CPU
		{E3DF9B80-DABA-49C2-A231-64350DB54D54}.Release|Mixed Platforms.ActiveCfg = Release|Any CPU
		{E3DF9B80-DABA-49C2-A231-64350DB54D54}.Release|Mixed Platforms.Build.0 = Release|Any CPU
		{E3DF9B80-DABA-49C2-A231-64350DB54D54}.Release|Win32.ActiveCfg = Release|Any CPU
		{E3DF9B80-DABA-49C2-A231-64350DB54D54}.Release|x86.ActiveCfg = Release|Any CPU
		{A25C946E-B08D-4BBB-80FA-3CBFE8A4B950}.Debug|Any CPU.ActiveCfg = Debug|Any CPU
		{A25C946E-B08D-4BBB-80FA-3CBFE8A4B950}.Debug|Any CPU.Build.0 = Debug|Any CPU
		{A25C946E-B08D-4BBB-80FA-3CBFE8A4B950}.Debug|Mixed Platforms.ActiveCfg = Debug|Any CPU
		{A25C946E-B08D-4BBB-80FA-3CBFE8A4B950}.Debug|Mixed Platforms.Build.0 = Debug|Any CPU
		{A25C946E-B08D-4BBB-80FA-3CBFE8A4B950}.Debug|Win32.ActiveCfg = Debug|Any CPU
		{A25C946E-B08D-4BBB-80FA-3CBFE8A4B950}.Debug|x86.ActiveCfg = Debug|Any CPU
		{A25C946E-B08D-4BBB-80FA-3CBFE8A4B950}.Release|Any CPU.ActiveCfg = Release|Any CPU
		{A25C946E-B08D-4BBB-80FA-3CBFE8A4B950}.Release|Any CPU.Build.0 = Release|Any CPU
		{A25C946E-B08D-4BBB-80FA-3CBFE8A4B950}.Release|Mixed Platforms.ActiveCfg = Release|Any CPU
		{A25C946E-B08D-4BBB-80FA-3CBFE8A4B950}.Release|Mixed Platforms.Build.0 = Release|Any CPU
		{A25C946E-B08D-4BBB-80FA-3CBFE8A4B950}.Release|Win32.ActiveCfg = Release|Any CPU
		{A25C946E-B08D-4BBB-80FA-3CBFE8A4B950}.Release|x86.ActiveCfg = Release|Any CPU
		{94796CA9-673A-4A3E-A9CD-DF526687BA79}.Debug|Any CPU.ActiveCfg = Debug|Any CPU
		{94796CA9-673A-4A3E-A9CD-DF526687BA79}.Debug|Any CPU.Build.0 = Debug|Any CPU
		{94796CA9-673A-4A3E-A9CD-DF526687BA79}.Debug|Mixed Platforms.ActiveCfg = Debug|Any CPU
		{94796CA9-673A-4A3E-A9CD-DF526687BA79}.Debug|Mixed Platforms.Build.0 = Debug|Any CPU
		{94796CA9-673A-4A3E-A9CD-DF526687BA79}.Debug|Win32.ActiveCfg = Debug|Any CPU
		{94796CA9-673A-4A3E-A9CD-DF526687BA79}.Debug|x86.ActiveCfg = Debug|Any CPU
		{94796CA9-673A-4A3E-A9CD-DF526687BA79}.Release|Any CPU.ActiveCfg = Release|Any CPU
		{94796CA9-673A-4A3E-A9CD-DF526687BA79}.Release|Any CPU.Build.0 = Release|Any CPU
		{94796CA9-673A-4A3E-A9CD-DF526687BA79}.Release|Mixed Platforms.ActiveCfg = Release|Any CPU
		{94796CA9-673A-4A3E-A9CD-DF526687BA79}.Release|Mixed Platforms.Build.0 = Release|Any CPU
		{94796CA9-673A-4A3E-A9CD-DF526687BA79}.Release|Win32.ActiveCfg = Release|Any CPU
		{94796CA9-673A-4A3E-A9CD-DF526687BA79}.Release|x86.ActiveCfg = Release|Any CPU
		{C776B3C6-9B91-4DC7-92B7-FBAB92C1FDFD}.Debug|Any CPU.ActiveCfg = Debug|Any CPU
		{C776B3C6-9B91-4DC7-92B7-FBAB92C1FDFD}.Debug|Any CPU.Build.0 = Debug|Any CPU
		{C776B3C6-9B91-4DC7-92B7-FBAB92C1FDFD}.Debug|Mixed Platforms.ActiveCfg = Debug|Any CPU
		{C776B3C6-9B91-4DC7-92B7-FBAB92C1FDFD}.Debug|Mixed Platforms.Build.0 = Debug|Any CPU
		{C776B3C6-9B91-4DC7-92B7-FBAB92C1FDFD}.Debug|Win32.ActiveCfg = Debug|Any CPU
		{C776B3C6-9B91-4DC7-92B7-FBAB92C1FDFD}.Debug|x86.ActiveCfg = Debug|Any CPU
		{C776B3C6-9B91-4DC7-92B7-FBAB92C1FDFD}.Release|Any CPU.ActiveCfg = Release|Any CPU
		{C776B3C6-9B91-4DC7-92B7-FBAB92C1FDFD}.Release|Any CPU.Build.0 = Release|Any CPU
		{C776B3C6-9B91-4DC7-92B7-FBAB92C1FDFD}.Release|Mixed Platforms.ActiveCfg = Release|Any CPU
		{C776B3C6-9B91-4DC7-92B7-FBAB92C1FDFD}.Release|Mixed Platforms.Build.0 = Release|Any CPU
		{C776B3C6-9B91-4DC7-92B7-FBAB92C1FDFD}.Release|Win32.ActiveCfg = Release|Any CPU
		{C776B3C6-9B91-4DC7-92B7-FBAB92C1FDFD}.Release|x86.ActiveCfg = Release|Any CPU
	EndGlobalSection
	GlobalSection(SolutionProperties) = preSolution
		HideSolutionNode = FALSE
	EndGlobalSection
EndGlobal
